// !$*UTF8*$!
{
	archiveVersion = 1;
	classes = {
	};
	objectVersion = 77;
	objects = {

/* Begin PBXContainerItemProxy section */
		BFC0CCDA3041E6F600F5BC42 /* PBXContainerItemProxy */ = {
			isa = PBXContainerItemProxy;
			containerPortal = BFC0CCC03041E6F400F5BC42 /* Project object */;
			proxyType = 1;
			remoteGlobalIDString = BFC0CCC73041E6F400F5BC42;
			remoteInfo = "PROJECT 1";
		};
		BFC0CCE43041E6F600F5BC42 /* PBXContainerItemProxy */ = {
			isa = PBXContainerItemProxy;
			containerPortal = BFC0CCC03041E6F400F5BC42 /* Project object */;
			proxyType = 1;
			remoteGlobalIDString = BFC0CCC73041E6F400F5BC42;
			remoteInfo = "PROJECT 1";
		};
/* End PBXContainerItemProxy section */

/* Begin PBXFileReference section */
		BFC0CCC83041E6F400F5BC42 /* PROJECT 1.app */ = {isa = PBXFileReference; explicitFileType = wrapper.application; includeInIndex = 0; path = "PROJECT 1.app"; sourceTree = BUILT_PRODUCTS_DIR; };
		BFC0CCD93041E6F600F5BC42 /* PROJECT 1Tests.xctest */ = {isa = PBXFileReference; explicitFileType = wrapper.cfbundle; includeInIndex = 0; path = "PROJECT 1Tests.xctest"; sourceTree = BUILT_PRODUCTS_DIR; };
		BFC0CCE33041E6F600F5BC42 /* PROJECT 1UITests.xctest */ = {isa = PBXFileReference; explicitFileType = wrapper.cfbundle; includeInIndex = 0; path = "PROJECT 1UITests.xctest"; sourceTree = BUILT_PRODUCTS_DIR; };
/* End PBXFileReference section */

/* Begin PBXFileSystemSynchronizedBuildFileExceptionSet section */
		BFC0CCEB3041E6F600F5BC42 /* Exceptions for "PROJECT 1" folder in "PROJECT 1" target */ = {
			isa = PBXFileSystemSynchronizedBuildFileExceptionSet;
			membershipExceptions = (
				Info.plist,
			);
			target = BFC0CCC73041E6F400F5BC42 /* PROJECT 1 */;
		};
/* End PBXFileSystemSynchronizedBuildFileExceptionSet section */

/* Begin PBXFileSystemSynchronizedRootGroup section */
		BFC0CCCA3041E6F400F5BC42 /* PROJECT 1 */ = {
			isa = PBXFileSystemSynchronizedRootGroup;
			exceptions = (
				BFC0CCEB3041E6F600F5BC42 /* Exceptions for "PROJECT 1" folder in "PROJECT 1" target */,
			);
			path = "PROJECT 1";
			sourceTree = "<group>";
		};
		BFC0CCDC3041E6F600F5BC42 /* PROJECT 1Tests */ = {
			isa = PBXFileSystemSynchronizedRootGroup;
			path = "PROJECT 1Tests";
			sourceTree = "<group>";
		};
		BFC0CCE63041E6F600F5BC42 /* PROJECT 1UITests */ = {
			isa = PBXFileSystemSynchronizedRootGroup;
			path = "PROJECT 1UITests";
			sourceTree = "<group>";
		};
/* End PBXFileSystemSynchronizedRootGroup section */

/* Begin PBXFrameworksBuildPhase section */
		BFC0CCC53041E6F400F5BC42 /* Frameworks */ = {
			isa = PBXFrameworksBuildPhase;
			buildActionMask = 2147483647;
			files = (
			);
			runOnlyForDeploymentPostprocessing = 0;
		};
		BFC0CCD63041E6F600F5BC42 /* Frameworks */ = {
			isa = PBXFrameworksBuildPhase;
			buildActionMask = 2147483647;
			files = (
			);
			runOnlyForDeploymentPostprocessing = 0;
		};
		BFC0CCE03041E6F600F5BC42 /* Frameworks */ = {
			isa = PBXFrameworksBuildPhase;
			buildActionMask = 2147483647;
			files = (
			);
			runOnlyForDeploymentPostprocessing = 0;
		};
/* End PBXFrameworksBuildPhase section */

/* Begin PBXGroup section */
		BFC0CCBF3041E6F400F5BC42 = {
			isa = PBXGroup;
			children = (
				BFC0CCCA3041E6F400F5BC42 /* PROJECT 1 */,
				BFC0CCDC3041E6F600F5BC42 /* PROJECT 1Tests */,
				BFC0CCE63041E6F600F5BC42 /* PROJECT 1UITests */,
				BFC0CCC93041E6F400F5BC42 /* Products */,
			);
			sourceTree = "<group>";
		};
		BFC0CCC93041E6F400F5BC42 /* Products */ = {
			isa = PBXGroup;
			children = (
				BFC0CCC83041E6F400F5BC42 /* PROJECT 1.app */,
				BFC0CCD93041E6F600F5BC42 /* PROJECT 1Tests.xctest */,
				BFC0CCE33041E6F600F5BC42 /* PROJECT 1UITests.xctest */,
			);
			name = Products;
			sourceTree = "<group>";
		};
/* End PBXGroup section */

/* Begin PBXNativeTarget section */
		BFC0CCC73041E6F400F5BC42 /* PROJECT 1 */ = {
			isa = PBXNativeTarget;
			buildConfigurationList = BFC0CCEC3041E6F600F5BC42 /* Build configuration list for PBXNativeTarget "PROJECT 1" */;
			buildPhases = (
				BFC0CCC43041E6F400F5BC42 /* Sources */,
				BFC0CCC53041E6F400F5BC42 /* Frameworks */,
				BFC0CCC63041E6F400F5BC42 /* Resources */,
			);
			buildRules = (
			);
			dependencies = (
			);
			fileSystemSynchronizedGroups = (
				BFC0CCCA3041E6F400F5BC42 /* PROJECT 1 */,
			);
			name = "PROJECT 1";
			packageProductDependencies = (
			);
			productName = "PROJECT 1";
			productReference = BFC0CCC83041E6F400F5BC42 /* PROJECT 1.app */;
			productType = "com.apple.product-type.application";
		};
		BFC0CCD83041E6F600F5BC42 /* PROJECT 1Tests */ = {
			isa = PBXNativeTarget;
			buildConfigurationList = BFC0CCF13041E6F600F5BC42 /* Build configuration list for PBXNativeTarget "PROJECT 1Tests" */;
			buildPhases = (
				BFC0CCD53041E6F600F5BC42 /* Sources */,
				BFC0CCD63041E6F600F5BC42 /* Frameworks */,
				BFC0CCD73041E6F600F5BC42 /* Resources */,
			);
			buildRules = (
			);
			dependencies = (
				BFC0CCDB3041E6F600F5BC42 /* PBXTargetDependency */,
			);
			fileSystemSynchronizedGroups = (
				BFC0CCDC3041E6F600F5BC42 /* PROJECT 1Tests */,
			);
			name = "PROJECT 1Tests";
			packageProductDependencies = (
			);
			productName = "PROJECT 1Tests";
			productReference = BFC0CCD93041E6F600F5BC42 /* PROJECT 1Tests.xctest */;
			productType = "com.apple.product-type.bundle.unit-test";
		};
		BFC0CCE23041E6F600F5BC42 /* PROJECT 1UITests */ = {
			isa = PBXNativeTarget;
			buildConfigurationList = BFC0CCF43041E6F600F5BC42 /* Build configuration list for PBXNativeTarget "PROJECT 1UITests" */;
			buildPhases = (
				BFC0CCDF3041E6F600F5BC42 /* Sources */,
				BFC0CCE03041E6F600F5BC42 /* Frameworks */,
				BFC0CCE13041E6F600F5BC42 /* Resources */,
			);
			buildRules = (
			);
			dependencies = (
				BFC0CCE53041E6F600F5BC42 /* PBXTargetDependency */,
			);
			fileSystemSynchronizedGroups = (
				BFC0CCE63041E6F600F5BC42 /* PROJECT 1UITests */,
			);
			name = "PROJECT 1UITests";
			packageProductDependencies = (
			);
			productName = "PROJECT 1UITests";
			productReference = BFC0CCE33041E6F600F5BC42 /* PROJECT 1UITests.xctest */;
			productType = "com.apple.product-type.bundle.ui-testing";
		};
/* End PBXNativeTarget section */

/* Begin PBXProject section */
		BFC0CCC03041E6F400F5BC42 /* Project object */ = {
			isa = PBXProject;
			attributes = {
				BuildIndependentTargetsInParallel = 1;
				LastSwiftUpdateCheck = 2660;
				LastUpgradeCheck = 2660;
				TargetAttributes = {
					BFC0CCC73041E6F400F5BC42 = {
						CreatedOnToolsVersion = 26.6;
					};
					BFC0CCD83041E6F600F5BC42 = {
						CreatedOnToolsVersion = 26.6;
						TestTargetID = BFC0CCC73041E6F400F5BC42;
					};
					BFC0CCE23041E6F600F5BC42 = {
						CreatedOnToolsVersion = 26.6;
						TestTargetID = BFC0CCC73041E6F400F5BC42;
					};
				};
			};
			buildConfigurationList = BFC0CCC33041E6F400F5BC42 /* Build configuration list for PBXProject "PROJECT 1" */;
			developmentRegion = en;
			hasScannedForEncodings = 0;
			knownRegions = (
				en,
				Base,
			);
			mainGroup = BFC0CCBF3041E6F400F5BC42;
			minimizedProjectReferenceProxies = 1;
			preferredProjectObjectVersion = 77;
			productRefGroup = BFC0CCC93041E6F400F5BC42 /* Products */;
			projectDirPath = "";
			projectRoot = "";
			targets = (
				BFC0CCC73041E6F400F5BC42 /* PROJECT 1 */,
				BFC0CCD83041E6F600F5BC42 /* PROJECT 1Tests */,
				BFC0CCE23041E6F600F5BC42 /* PROJECT 1UITests */,
			);
		};
/* End PBXProject section */

/* Begin PBXResourcesBuildPhase section */
		BFC0CCC63041E6F400F5BC42 /* Resources */ = {
			isa = PBXResourcesBuildPhase;
			buildActionMask = 2147483647;
			files = (
			);
			runOnlyForDeploymentPostprocessing = 0;
		};
		BFC0CCD73041E6F600F5BC42 /* Resources */ = {
			isa = PBXResourcesBuildPhase;
			buildActionMask = 2147483647;
			files = (
			);
			runOnlyForDeploymentPostprocessing = 0;
		};
		BFC0CCE13041E6F600F5BC42 /* Resources */ = {
			isa = PBXResourcesBuildPhase;
			buildActionMask = 2147483647;
			files = (
			);
			runOnlyForDeploymentPostprocessing = 0;
		};
/* End PBXResourcesBuildPhase section */

/* Begin PBXSourcesBuildPhase section */
		BFC0CCC43041E6F400F5BC42 /* Sources */ = {
			isa = PBXSourcesBuildPhase;
			buildActionMask = 2147483647;
			files = (
			);
			runOnlyForDeploymentPostprocessing = 0;
		};
		BFC0CCD53041E6F600F5BC42 /* Sources */ = {
			isa = PBXSourcesBuildPhase;
			buildActionMask = 2147483647;
			files = (
			);
			runOnlyForDeploymentPostprocessing = 0;
		};
		BFC0CCDF3041E6F600F5BC42 /* Sources */ = {
			isa = PBXSourcesBuildPhase;
			buildActionMask = 2147483647;
			files = (
			);
			runOnlyForDeploymentPostprocessing = 0;
		};
/* End PBXSourcesBuildPhase section */

/* Begin PBXTargetDependency section */
		BFC0CCDB3041E6F600F5BC42 /* PBXTargetDependency */ = {
			isa = PBXTargetDependency;
			target = BFC0CCC73041E6F400F5BC42 /* PROJECT 1 */;
			targetProxy = BFC0CCDA3041E6F600F5BC42 /* PBXContainerItemProxy */;
		};
		BFC0CCE53041E6F600F5BC42 /* PBXTargetDependency */ = {
			isa = PBXTargetDependency;
			target = BFC0CCC73041E6F400F5BC42 /* PROJECT 1 */;
			targetProxy = BFC0CCE43041E6F600F5BC42 /* PBXContainerItemProxy */;
		};
/* End PBXTargetDependency section */

/* Begin XCBuildConfiguration section */
		BFC0CCED3041E6F600F5BC42 /* Debug */ = {
			isa = XCBuildConfiguration;
			buildSettings = {
				ASSETCATALOG_COMPILER_APPICON_NAME = AppIcon;
				ASSETCATALOG_COMPILER_GLOBAL_ACCENT_COLOR_NAME = AccentColor;
				CODE_SIGN_ENTITLEMENTS = "PROJECT 1/PROJECT_1.entitlements";
				CODE_SIGN_STYLE = Automatic;
				CURRENT_PROJECT_VERSION = 1;
				ENABLE_PREVIEWS = YES;
				GENERATE_INFOPLIST_FILE = YES;
				INFOPLIST_FILE = "PROJECT 1/Info.plist";
				INFOPLIST_KEY_UIApplicationSceneManifest_Generation = YES;
				INFOPLIST_KEY_UIApplicationSupportsIndirectInputEvents = YES;
				INFOPLIST_KEY_UILaunchScreen_Generation = YES;
				INFOPLIST_KEY_UISupportedInterfaceOrientations_iPad = "UIInterfaceOrientationPortrait UIInterfaceOrientationPortraitUpsideDown UIInterfaceOrientationLandscapeLeft UIInterfaceOrientationLandscapeRight";
				INFOPLIST_KEY_UISupportedInterfaceOrientations_iPhone = "UIInterfaceOrientationPortrait UIInterfaceOrientationLandscapeLeft UIInterfaceOrientationLandscapeRight";
				LD_RUNPATH_SEARCH_PATHS = (
					"$(inherited)",
					"@executable_path/Frameworks",
				);
				MARKETING_VERSION = 1.0;
				PRODUCT_BUNDLE_IDENTIFIER = "DATATEAM.PROJECT1EB.PROJECT-1";
				PRODUCT_NAME = "$(TARGET_NAME)";
				STRING_CATALOG_GENERATE_SYMBOLS = YES;
				SWIFT_APPROACHABLE_CONCURRENCY = YES;
				SWIFT_DEFAULT_ACTOR_ISOLATION = MainActor;
				SWIFT_EMIT_LOC_STRINGS = YES;
				SWIFT_UPCOMING_FEATURE_MEMBER_IMPORT_VISIBILITY = YES;
				SWIFT_VERSION = 5.0;
				TARGETED_DEVICE_FAMILY = "1,2";
			};
			name = Debug;
		};
		BFC0CCEE3041E6F600F5BC42 /* Release */ = {
			isa = XCBuildConfiguration;
			buildSettings = {
				ASSETCATALOG_COMPILER_APPICON_NAME = AppIcon;
				ASSETCATALOG_COMPILER_GLOBAL_ACCENT_COLOR_NAME = AccentColor;
				CODE_SIGN_ENTITLEMENTS = "PROJECT 1/PROJECT_1.entitlements";
				CODE_SIGN_STYLE = Automatic;
				CURRENT_PROJECT_VERSION = 1;
				ENABLE_PREVIEWS = YES;
				GENERATE_INFOPLIST_FILE = YES;
				INFOPLIST_FILE = "PROJECT 1/Info.plist";
				INFOPLIST_KEY_UIApplicationSceneManifest_Generation = YES;
				INFOPLIST_KEY_UIApplicationSupportsIndirectInputEvents = YES;
				INFOPLIST_KEY_UILaunchScreen_Generation = YES;
				INFOPLIST_KEY_UISupportedInterfaceOrientations_iPad = "UIInterfaceOrientationPortrait UIInterfaceOrientationPortraitUpsideDown UIInterfaceOrientationLandscapeLeft UIInterfaceOrientationLandscapeRight";
				INFOPLIST_KEY_UISupportedInterfaceOrientations_iPhone = "UIInterfaceOrientationPortrait UIInterfaceOrientationLandscapeLeft UIInterfaceOrientationLandscapeRight";
				LD_RUNPATH_SEARCH_PATHS = (
					"$(inherited)",
					"@executable_path/Frameworks",
				);
				MARKETING_VERSION = 1.0;
				PRODUCT_BUNDLE_IDENTIFIER = "DATATEAM.PROJECT1EB.PROJECT-1";
				PRODUCT_NAME = "$(TARGET_NAME)";
				STRING_CATALOG_GENERATE_SYMBOLS = YES;
				SWIFT_APPROACHABLE_CONCURRENCY = YES;
				SWIFT_DEFAULT_ACTOR_ISOLATION = MainActor;
				SWIFT_EMIT_LOC_STRINGS = YES;
				SWIFT_UPCOMING_FEATURE_MEMBER_IMPORT_VISIBILITY = YES;
				SWIFT_VERSION = 5.0;
				TARGETED_DEVICE_FAMILY = "1,2";
			};
			name = Release;
		};
		BFC0CCEF3041E6F600F5BC42 /* Debug */ = {
			isa = XCBuildConfiguration;
			buildSettings = {
				ALWAYS_SEARCH_USER_PATHS = NO;
				ASSETCATALOG_COMPILER_GENERATE_SWIFT_ASSET_SYMBOL_EXTENSIONS = YES;
				CLANG_ANALYZER_NONNULL = YES;
				CLANG_ANALYZER_NUMBER_OBJECT_CONVERSION = YES_AGGRESSIVE;
				CLANG_CXX_LANGUAGE_STANDARD = "gnu++20";
				CLANG_ENABLE_MODULES = YES;
				CLANG_ENABLE_OBJC_ARC = YES;
				CLANG_ENABLE_OBJC_WEAK = YES;
				CLANG_WARN_BLOCK_CAPTURE_AUTORELEASING = YES;
				CLANG_WARN_BOOL_CONVERSION = YES;
				CLANG_WARN_COMMA = YES;
				CLANG_WARN_CONSTANT_CONVERSION = YES;
				CLANG_WARN_DEPRECATED_OBJC_IMPLEMENTATIONS = YES;
				CLANG_WARN_DIRECT_OBJC_ISA_USAGE = YES_ERROR;
				CLANG_WARN_DOCUMENTATION_COMMENTS = YES;
				CLANG_WARN_EMPTY_BODY = YES;
				CLANG_WARN_ENUM_CONVERSION = YES;
				CLANG_WARN_INFINITE_RECURSION = YES;
				CLANG_WARN_INT_CONVERSION = YES;
				CLANG_WARN_NON_LITERAL_NULL_CONVERSION = YES;
				CLANG_WARN_OBJC_IMPLICIT_RETAIN_SELF = YES;
				CLANG_WARN_OBJC_LITERAL_CONVERSION = YES;
				CLANG_WARN_OBJC_ROOT_CLASS = YES_ERROR;
				CLANG_WARN_QUOTED_INCLUDE_IN_FRAMEWORK_HEADER = YES;
				CLANG_WARN_RANGE_LOOP_ANALYSIS = YES;
				CLANG_WARN_STRICT_PROTOTYPES = YES;
				CLANG_WARN_SUSPICIOUS_MOVE = YES;
				CLANG_WARN_UNGUARDED_AVAILABILITY = YES_AGGRESSIVE;
				CLANG_WARN_UNREACHABLE_CODE = YES;
				CLANG_WARN__DUPLICATE_METHOD_MATCH = YES;
				COPY_PHASE_STRIP = NO;
				DEBUG_INFORMATION_FORMAT = dwarf;
				ENABLE_STRICT_OBJC_MSGSEND = YES;
				ENABLE_TESTABILITY = YES;
				ENABLE_USER_SCRIPT_SANDBOXING = YES;
				GCC_C_LANGUAGE_STANDARD = gnu17;
				GCC_DYNAMIC_NO_PIC = NO;
				GCC_NO_COMMON_BLOCKS = YES;
				GCC_OPTIMIZATION_LEVEL = 0;
				GCC_PREPROCESSOR_DEFINITIONS = (
					"DEBUG=1",
					"$(inherited)",
				);
				GCC_WARN_64_TO_32_BIT_CONVERSION = YES;
				GCC_WARN_ABOUT_RETURN_TYPE = YES_ERROR;
				GCC_WARN_UNDECLARED_SELECTOR = YES;
				GCC_WARN_UNINITIALIZED_AUTOS = YES_AGGRESSIVE;
				GCC_WARN_UNUSED_FUNCTION = YES;
				GCC_WARN_UNUSED_VARIABLE = YES;
				IPHONEOS_DEPLOYMENT_TARGET = 26.5;
				LOCALIZATION_PREFERS_STRING_CATALOGS = YES;
				MTL_ENABLE_DEBUG_INFO = INCLUDE_SOURCE;
				MTL_FAST_MATH = YES;
				ONLY_ACTIVE_ARCH = YES;
				SDKROOT = iphoneos;
				SWIFT_ACTIVE_COMPILATION_CONDITIONS = "DEBUG $(inherited)";
				SWIFT_OPTIMIZATION_LEVEL = "-Onone";
			};
			name = Debug;
		};
		BFC0CCF03041E6F600F5BC42 /* Release */ = {
			isa = XCBuildConfiguration;
			buildSettings = {
				ALWAYS_SEARCH_USER_PATHS = NO;
				ASSETCATALOG_COMPILER_GENERATE_SWIFT_ASSET_SYMBOL_EXTENSIONS = YES;
				CLANG_ANALYZER_NONNULL = YES;
				CLANG_ANALYZER_NUMBER_OBJECT_CONVERSION = YES_AGGRESSIVE;
				CLANG_CXX_LANGUAGE_STANDARD = "gnu++20";
				CLANG_ENABLE_MODULES = YES;
				CLANG_ENABLE_OBJC_ARC = YES;
				CLANG_ENABLE_OBJC_WEAK = YES;
				CLANG_WARN_BLOCK_CAPTURE_AUTORELEASING = YES;
				CLANG_WARN_BOOL_CONVERSION = YES;
				CLANG_WARN_COMMA = YES;
				CLANG_WARN_CONSTANT_CONVERSION = YES;
				CLANG_WARN_DEPRECATED_OBJC_IMPLEMENTATIONS = YES;
				CLANG_WARN_DIRECT_OBJC_ISA_USAGE = YES_ERROR;
				CLANG_WARN_DOCUMENTATION_COMMENTS = YES;
				CLANG_WARN_EMPTY_BODY = YES;
				CLANG_WARN_ENUM_CONVERSION = YES;
				CLANG_WARN_INFINITE_RECURSION = YES;
				CLANG_WARN_INT_CONVERSION = YES;
				CLANG_WARN_NON_LITERAL_NULL_CONVERSION = YES;
				CLANG_WARN_OBJC_IMPLICIT_RETAIN_SELF = YES;
				CLANG_WARN_OBJC_LITERAL_CONVERSION = YES;
				CLANG_WARN_OBJC_ROOT_CLASS = YES_ERROR;
				CLANG_WARN_QUOTED_INCLUDE_IN_FRAMEWORK_HEADER = YES;
				CLANG_WARN_RANGE_LOOP_ANALYSIS = YES;
				CLANG_WARN_STRICT_PROTOTYPES = YES;
				CLANG_WARN_SUSPICIOUS_MOVE = YES;
				CLANG_WARN_UNGUARDED_AVAILABILITY = YES_AGGRESSIVE;
				CLANG_WARN_UNREACHABLE_CODE = YES;
				CLANG_WARN__DUPLICATE_METHOD_MATCH = YES;
				COPY_PHASE_STRIP = NO;
				DEBUG_INFORMATION_FORMAT = "dwarf-with-dsym";
				ENABLE_NS_ASSERTIONS = NO;
				ENABLE_STRICT_OBJC_MSGSEND = YES;
				ENABLE_USER_SCRIPT_SANDBOXING = YES;
				GCC_C_LANGUAGE_STANDARD = gnu17;
				GCC_NO_COMMON_BLOCKS = YES;
				GCC_WARN_64_TO_32_BIT_CONVERSION = YES;
				GCC_WARN_ABOUT_RETURN_TYPE = YES_ERROR;
				GCC_WARN_UNDECLARED_SELECTOR = YES;
				GCC_WARN_UNINITIALIZED_AUTOS = YES_AGGRESSIVE;
				GCC_WARN_UNUSED_FUNCTION = YES;
				GCC_WARN_UNUSED_VARIABLE = YES;
				IPHONEOS_DEPLOYMENT_TARGET = 26.5;
				LOCALIZATION_PREFERS_STRING_CATALOGS = YES;
				MTL_ENABLE_DEBUG_INFO = NO;
				MTL_FAST_MATH = YES;
				SDKROOT = iphoneos;
				SWIFT_COMPILATION_MODE = wholemodule;
				VALIDATE_PRODUCT = YES;
			};
			name = Release;
		};
		BFC0CCF23041E6F600F5BC42 /* Debug */ = {
			isa = XCBuildConfiguration;
			buildSettings = {
				BUNDLE_LOADER = "$(TEST_HOST)";
				CODE_SIGN_STYLE = Automatic;
				CURRENT_PROJECT_VERSION = 1;
				GENERATE_INFOPLIST_FILE = YES;
				IPHONEOS_DEPLOYMENT_TARGET = 26.5;
				MARKETING_VERSION = 1.0;
				PRODUCT_BUNDLE_IDENTIFIER = "DATATEAM.PROJECT1EB.PROJECT-1Tests";
				PRODUCT_NAME = "$(TARGET_NAME)";
				STRING_CATALOG_GENERATE_SYMBOLS = NO;
				SWIFT_APPROACHABLE_CONCURRENCY = YES;
				SWIFT_EMIT_LOC_STRINGS = NO;
				SWIFT_UPCOMING_FEATURE_MEMBER_IMPORT_VISIBILITY = YES;
				SWIFT_VERSION = 5.0;
				TARGETED_DEVICE_FAMILY = "1,2";
				TEST_HOST = "$(BUILT_PRODUCTS_DIR)/PROJECT 1.app/$(BUNDLE_EXECUTABLE_FOLDER_PATH)/PROJECT 1";
			};
			name = Debug;
		};
		BFC0CCF33041E6F600F5BC42 /* Release */ = {
			isa = XCBuildConfiguration;
			buildSettings = {
				BUNDLE_LOADER = "$(TEST_HOST)";
				CODE_SIGN_STYLE = Automatic;
				CURRENT_PROJECT_VERSION = 1;
				GENERATE_INFOPLIST_FILE = YES;
				IPHONEOS_DEPLOYMENT_TARGET = 26.5;
				MARKETING_VERSION = 1.0;
				PRODUCT_BUNDLE_IDENTIFIER = "DATATEAM.PROJECT1EB.PROJECT-1Tests";
				PRODUCT_NAME = "$(TARGET_NAME)";
				STRING_CATALOG_GENERATE_SYMBOLS = NO;
				SWIFT_APPROACHABLE_CONCURRENCY = YES;
				SWIFT_EMIT_LOC_STRINGS = NO;
				SWIFT_UPCOMING_FEATURE_MEMBER_IMPORT_VISIBILITY = YES;
				SWIFT_VERSION = 5.0;
				TARGETED_DEVICE_FAMILY = "1,2";
				TEST_HOST = "$(BUILT_PRODUCTS_DIR)/PROJECT 1.app/$(BUNDLE_EXECUTABLE_FOLDER_PATH)/PROJECT 1";
			};
			name = Release;
		};
		BFC0CCF53041E6F600F5BC42 /* Debug */ = {
			isa = XCBuildConfiguration;
			buildSettings = {
				CODE_SIGN_STYLE = Automatic;
				CURRENT_PROJECT_VERSION = 1;
				GENERATE_INFOPLIST_FILE = YES;
				MARKETING_VERSION = 1.0;
				PRODUCT_BUNDLE_IDENTIFIER = "DATATEAM.PROJECT1EB.PROJECT-1UITests";
				PRODUCT_NAME = "$(TARGET_NAME)";
				STRING_CATALOG_GENERATE_SYMBOLS = NO;
				SWIFT_APPROACHABLE_CONCURRENCY = YES;
				SWIFT_EMIT_LOC_STRINGS = NO;
				SWIFT_UPCOMING_FEATURE_MEMBER_IMPORT_VISIBILITY = YES;
				SWIFT_VERSION = 5.0;
				TARGETED_DEVICE_FAMILY = "1,2";
				TEST_TARGET_NAME = "PROJECT 1";
			};
			name = Debug;
		};
		BFC0CCF63041E6F600F5BC42 /* Release */ = {
			isa = XCBuildConfiguration;
			buildSettings = {
				CODE_SIGN_STYLE = Automatic;
				CURRENT_PROJECT_VERSION = 1;
				GENERATE_INFOPLIST_FILE = YES;
				MARKETING_VERSION = 1.0;
				PRODUCT_BUNDLE_IDENTIFIER = "DATATEAM.PROJECT1EB.PROJECT-1UITests";
				PRODUCT_NAME = "$(TARGET_NAME)";
				STRING_CATALOG_GENERATE_SYMBOLS = NO;
				SWIFT_APPROACHABLE_CONCURRENCY = YES;
				SWIFT_EMIT_LOC_STRINGS = NO;
				SWIFT_UPCOMING_FEATURE_MEMBER_IMPORT_VISIBILITY = YES;
				SWIFT_VERSION = 5.0;
				TARGETED_DEVICE_FAMILY = "1,2";
				TEST_TARGET_NAME = "PROJECT 1";
			};
			name = Release;
		};
/* End XCBuildConfiguration section */

/* Begin XCConfigurationList section */
		BFC0CCC33041E6F400F5BC42 /* Build configuration list for PBXProject "PROJECT 1" */ = {
			isa = XCConfigurationList;
			buildConfigurations = (
				BFC0CCEF3041E6F600F5BC42 /* Debug */,
				BFC0CCF03041E6F600F5BC42 /* Release */,
			);
			defaultConfigurationIsVisible = 0;
			defaultConfigurationName = Release;
		};
		BFC0CCEC3041E6F600F5BC42 /* Build configuration list for PBXNativeTarget "PROJECT 1" */ = {
			isa = XCConfigurationList;
			buildConfigurations = (
				BFC0CCED3041E6F600F5BC42 /* Debug */,
				BFC0CCEE3041E6F600F5BC42 /* Release */,
			);
			defaultConfigurationIsVisible = 0;
			defaultConfigurationName = Release;
		};
		BFC0CCF13041E6F600F5BC42 /* Build configuration list for PBXNativeTarget "PROJECT 1Tests" */ = {
			isa = XCConfigurationList;
			buildConfigurations = (
				BFC0CCF23041E6F600F5BC42 /* Debug */,
				BFC0CCF33041E6F600F5BC42 /* Release */,
			);
			defaultConfigurationIsVisible = 0;
			defaultConfigurationName = Release;
		};
		BFC0CCF43041E6F600F5BC42 /* Build configuration list for PBXNativeTarget "PROJECT 1UITests" */ = {
			isa = XCConfigurationList;
			buildConfigurations = (
				BFC0CCF53041E6F600F5BC42 /* Debug */,
				BFC0CCF63041E6F600F5BC42 /* Release */,
			);
			defaultConfigurationIsVisible = 0;
			defaultConfigurationName = Release;
		};
/* End XCConfigurationList section */
	};
	rootObject = BFC0CCC03041E6F400F5BC42 /* Project object */;
}
